
Microsoft Visual Studio Solution File, Format Version 12.00
# Visual Studio 15
VisualStudioVersion = 15.0.26730.15
MinimumVisualStudioVersion = 10.0.40219.1
Project("{E24C65DC-7377-472B-9ABA-BC803B73C61A}") = "Final-Project", ".", "{3D7FE3A8-6876-4CE1-A7B0-E2EC923CF05B}"
	ProjectSection(WebsiteProperties) = preProject
		TargetFrameworkMoniker = ".NETFramework,Version%3Dv4.0"
		Debug.AspNetCompiler.VirtualPath = "/localhost_63889"
		Debug.AspNetCompiler.PhysicalPath = "..\Final-Project\"
		Debug.AspNetCompiler.TargetPath = "PrecompiledWeb\localhost_63889\"
		Debug.AspNetCompiler.Updateable = "true"
		Debug.AspNetCompiler.ForceOverwrite = "true"
		Debug.AspNetCompiler.FixedNames = "false"
		Debug.AspNetCompiler.Debug = "True"
		Release.AspNetCompiler.VirtualPath = "/localhost_63889"
		Release.AspNetCompiler.PhysicalPath = "..\Final-Project\"
		Release.AspNetCompiler.TargetPath = "PrecompiledWeb\localhost_63889\"
		Release.AspNetCompiler.Updateable = "true"
		Release.AspNetCompiler.ForceOverwrite = "true"
		Release.AspNetCompiler.FixedNames = "false"
		Release.AspNetCompiler.Debug = "False"
		VWDPort = "63889"
		SlnRelativePath = "..\Final-Project\"
	EndProjectSection
EndProject
Global
	GlobalSection(SolutionConfigurationPlatforms) = preSolution
		Debug|Any CPU = Debug|Any CPU
	EndGlobalSection
	GlobalSection(ProjectConfigurationPlatforms) = postSolution
		{3D7FE3A8-6876-4CE1-A7B0-E2EC923CF05B}.Debug|Any CPU.ActiveCfg = Debug|Any CPU
		{3D7FE3A8-6876-4CE1-A7B0-E2EC923CF05B}.Debug|Any CPU.Build.0 = Debug|Any CPU
	EndGlobalSection
	GlobalSection(SolutionProperties) = preSolution
		HideSolutionNode = FALSE
	EndGlobalSection
	GlobalSection(ExtensibilityGlobals) = postSolution
		SolutionGuid = {DFAF44BC-FB82-4C3D-976B-A62591C18CD4}
	EndGlobalSection
EndGlobal
